<?xml version="1.0" encoding="utf-8"?>
<Project ToolsVersion="4.0" xmlns="http://schemas.microsoft.com/developer/msbuild/2003">
  <ItemGroup>
    <Filter Include="Defauit">
      <UniqueIdentifier>{869e275c-e055-4203-97ab-27941dba4c71}</UniqueIdentifier>
    </Filter>
    <Filter Include="Defauit\리소스 파일">
      <UniqueIdentifier>{67DA6AB6-F800-4c08-8B7A-83BB121AAD01}</UniqueIdentifier>
      <Extensions>rc;ico;cur;bmp;dlg;rc2;rct;bin;rgs;gif;jpg;jpeg;jpe;resx;tiff;tif;png;wav;mfcribbon-ms</Extensions>
    </Filter>
    <Filter Include="Engine">
      <UniqueIdentifier>{a25ca663-9826-49c8-8e03-1e33f28f2836}</UniqueIdentifier>
    </Filter>
    <Filter Include="Engine\03.Manager">
      <UniqueIdentifier>{230c4b98-88bd-4e9c-be43-cc7e5e9435b9}</UniqueIdentifier>
    </Filter>
    <Filter Include="Engine\03.Manager\InputManager">
      <UniqueIdentifier>{b6142647-690e-4d96-8efc-687f10d6868f}</UniqueIdentifier>
    </Filter>
    <Filter Include="Engine\02.Core">
      <UniqueIdentifier>{eb1772e2-6897-43e3-a383-44e0be7c128d}</UniqueIdentifier>
    </Filter>
    <Filter Include="Shader">
      <UniqueIdentifier>{32a9c3e2-6153-415b-b6e3-c80b92e7dd71}</UniqueIdentifier>
    </Filter>
    <Filter Include="Engine\01.Header">
      <UniqueIdentifier>{e4d7c2c4-214c-4ba4-aca4-11fadc175319}</UniqueIdentifier>
    </Filter>
    <Filter Include="Engine\01.Header\struct">
      <UniqueIdentifier>{b6822588-d881-4f12-ae00-241d9bae4c52}</UniqueIdentifier>
    </Filter>
    <Filter Include="Engine\01.Header\functions">
      <UniqueIdentifier>{d83a41ce-674d-41ac-94af-b62b91ce42e9}</UniqueIdentifier>
    </Filter>
    <Filter Include="Engine\03.Manager\TimeManager">
      <UniqueIdentifier>{8d10605f-a4dd-4318-a6e8-fd677c795929}</UniqueIdentifier>
    </Filter>
    <Filter Include="Engine\04.Object">
      <UniqueIdentifier>{74d7cc56-bc04-40fb-b9b4-4585e43f4a4f}</UniqueIdentifier>
    </Filter>
    <Filter Include="Engine\04.Object\Actor">
      <UniqueIdentifier>{6d3e9b55-81c3-4526-9fd3-84ad11209e9f}</UniqueIdentifier>
    </Filter>
    <Filter Include="Engine\04.Object\Component">
      <UniqueIdentifier>{4ea3d7f9-a243-41f5-ad6e-c5c644825012}</UniqueIdentifier>
    </Filter>
    <Filter Include="Engine\04.Object\Component\ActorComponent">
      <UniqueIdentifier>{896f9388-6542-4433-a533-be814f9cfb98}</UniqueIdentifier>
    </Filter>
    <Filter Include="Engine\04.Object\RenderAsset">
      <UniqueIdentifier>{b9a3c86c-3453-475b-8f59-cb42a30c90df}</UniqueIdentifier>
    </Filter>
    <Filter Include="Engine\07.Factory">
      <UniqueIdentifier>{638a0eac-a36c-49eb-90f4-1fd5440f41a2}</UniqueIdentifier>
    </Filter>
    <Filter Include="Engine\06.Scene">
      <UniqueIdentifier>{e9e51c58-08ba-4be1-9c43-995140729882}</UniqueIdentifier>
    </Filter>
    <Filter Include="Defauit\Samples">
      <UniqueIdentifier>{848dfd4c-9c28-4e47-bfb4-526d8f2fa414}</UniqueIdentifier>
    </Filter>
    <Filter Include="Engine\10.DefaultProperty">
      <UniqueIdentifier>{5c08496e-1a5c-44e0-ba2f-3116868ab32d}</UniqueIdentifier>
    </Filter>
    <Filter Include="Engine\10.DefaultProperty\Primitives">
      <UniqueIdentifier>{330b232f-50b7-4354-9e82-2fdc554ad469}</UniqueIdentifier>
    </Filter>
    <Filter Include="Contents">
      <UniqueIdentifier>{500d9a56-730c-475e-935a-9352970d4925}</UniqueIdentifier>
    </Filter>
    <Filter Include="Contents\Level1">
      <UniqueIdentifier>{b4de67c4-6d90-4091-a7da-431d20e3b7d7}</UniqueIdentifier>
    </Filter>
    <Filter Include="Engine\03.Manager\SceneManager">
      <UniqueIdentifier>{493b2e90-546a-4ab2-8c80-00cfad56037e}</UniqueIdentifier>
    </Filter>
    <Filter Include="Engine\06.Scene\Default_Scene">
      <UniqueIdentifier>{049d540a-10c7-40ee-beef-17cb7219fd2b}</UniqueIdentifier>
    </Filter>
  </ItemGroup>
  <ItemGroup>
    <ClInclude Include="targetver.h">
      <Filter>Defauit</Filter>
    </ClInclude>
    <ClInclude Include="Resource.h">
      <Filter>Defauit</Filter>
    </ClInclude>
    <ClInclude Include="framework.h">
      <Filter>Defauit</Filter>
    </ClInclude>
    <ClInclude Include="project2.h">
      <Filter>Engine\01.Header</Filter>
    </ClInclude>
    <ClInclude Include="pch.h" />
    <ClInclude Include="CKeyManager.h">
      <Filter>Engine\03.Manager\InputManager</Filter>
    </ClInclude>
    <ClInclude Include="define.h">
      <Filter>Engine\01.Header</Filter>
    </ClInclude>
    <ClInclude Include="CCore.h">
      <Filter>Engine\02.Core</Filter>
    </ClInclude>
    <ClInclude Include="D3DHelperFunc.h">
      <Filter>Engine\01.Header\functions</Filter>
    </ClInclude>
    <ClInclude Include="function.h">
      <Filter>Engine\01.Header</Filter>
    </ClInclude>
    <ClInclude Include="Samples.h">
      <Filter>Defauit\Samples</Filter>
    </ClInclude>
    <ClInclude Include="struct.h">
      <Filter>Engine\01.Header\struct</Filter>
    </ClInclude>
    <ClInclude Include="CTimeManager.h">
      <Filter>Engine\03.Manager\TimeManager</Filter>
    </ClInclude>
    <ClInclude Include="SimplePrimitives.h">
      <Filter>Engine\10.DefaultProperty\Primitives</Filter>
    </ClInclude>
    <ClInclude Include="CObject.h">
      <Filter>Engine\04.Object</Filter>
    </ClInclude>
    <ClInclude Include="CActor.h">
      <Filter>Engine\04.Object\Actor</Filter>
    </ClInclude>
    <ClInclude Include="CActorComponent.h">
      <Filter>Engine\04.Object\Component\ActorComponent</Filter>
    </ClInclude>
    <ClInclude Include="CRenderAsset.h">
      <Filter>Engine\04.Object\RenderAsset</Filter>
    </ClInclude>
    <ClInclude Include="CScene.h">
      <Filter>Engine\06.Scene</Filter>
    </ClInclude>
    <ClInclude Include="CSceneManager.h">
      <Filter>Engine\03.Manager\SceneManager</Filter>
    </ClInclude>
    <ClInclude Include="CDefault_Scene.h">
      <Filter>Engine\06.Scene\Default_Scene</Filter>
    </ClInclude>
  </ItemGroup>
  <ItemGroup>
    <ResourceCompile Include="Project2.rc">
      <Filter>Defauit\리소스 파일</Filter>
    </ResourceCompile>
  </ItemGroup>
  <ItemGroup>
    <Image Include="small.ico">
      <Filter>Defauit\리소스 파일</Filter>
    </Image>
    <Image Include="Project2.ico">
      <Filter>Defauit\리소스 파일</Filter>
    </Image>
  </ItemGroup>
  <ItemGroup>
    <ClCompile Include="main.cpp" />
    <ClCompile Include="CKeyManager.cpp">
      <Filter>Engine\03.Manager\InputManager</Filter>
    </ClCompile>
    <ClCompile Include="CCore.cpp">
      <Filter>Engine\02.Core</Filter>
    </ClCompile>
    <ClCompile Include="struct.cpp">
      <Filter>Engine\01.Header\struct</Filter>
    </ClCompile>
    <ClCompile Include="Samples.cpp">
      <Filter>Defauit\Samples</Filter>
    </ClCompile>
    <ClCompile Include="D3DHelperFunc.cpp">
      <Filter>Engine\01.Header\functions</Filter>
    </ClCompile>
    <ClCompile Include="CTimeManager.cpp">
      <Filter>Engine\03.Manager\TimeManager</Filter>
    </ClCompile>
    <ClCompile Include="SimplePrimitives.cpp">
      <Filter>Engine\10.DefaultProperty\Primitives</Filter>
    </ClCompile>
    <ClCompile Include="CObject.cpp">
      <Filter>Engine\04.Object</Filter>
    </ClCompile>
    <ClCompile Include="CActor.cpp">
      <Filter>Engine\04.Object\Actor</Filter>
    </ClCompile>
    <ClCompile Include="CActorComponent.cpp">
      <Filter>Engine\04.Object\Component\ActorComponent</Filter>
    </ClCompile>
    <ClCompile Include="CRenderAsset.cpp">
      <Filter>Engine\04.Object\RenderAsset</Filter>
    </ClCompile>
    <ClCompile Include="CScene.cpp">
      <Filter>Engine\06.Scene</Filter>
    </ClCompile>
    <ClCompile Include="CSceneManager.cpp">
      <Filter>Engine\03.Manager\SceneManager</Filter>
    </ClCompile>
    <ClCompile Include="CDefault_Scene.cpp">
      <Filter>Engine\06.Scene\Default_Scene</Filter>
    </ClCompile>
  </ItemGroup>
  <ItemGroup>
    <None Include="Tutorial02.fx">
      <Filter>Defauit\Samples</Filter>
    </None>
    <None Include="Tutorial04.fx">
      <Filter>Defauit\Samples</Filter>
    </None>
    <None Include="Tutorial05.fx">
      <Filter>Defauit\Samples</Filter>
    </None>
    <None Include="Tutorial06.fx">
      <Filter>Defauit\Samples</Filter>
    </None>
    <None Include="Tutorial07.fx">
      <Filter>Defauit\Samples</Filter>
    </None>
    <None Include="DefaultShader.fx">
      <Filter>Shader</Filter>
    </None>
  </ItemGroup>
</Project>