<?xml version="1.0" encoding="utf-8"?>
<Project ToolsVersion="4.0" xmlns="http://schemas.microsoft.com/developer/msbuild/2003">
  <ItemGroup>
    <Filter Include="Defauit">
      <UniqueIdentifier>{869e275c-e055-4203-97ab-27941dba4c71}</UniqueIdentifier>
    </Filter>
    <Filter Include="Defauit\리소스 파일">
      <UniqueIdentifier>{67DA6AB6-F800-4c08-8B7A-83BB121AAD01}</UniqueIdentifier>
      <Extensions>rc;ico;cur;bmp;dlg;rc2;rct;bin;rgs;gif;jpg;jpeg;jpe;resx;tiff;tif;png;wav;mfcribbon-ms</Extensions>
    </Filter>
    <Filter Include="Engine">
      <UniqueIdentifier>{a25ca663-9826-49c8-8e03-1e33f28f2836}</UniqueIdentifier>
    </Filter>
    <Filter Include="Engine\03.Manager">
      <UniqueIdentifier>{230c4b98-88bd-4e9c-be43-cc7e5e9435b9}</UniqueIdentifier>
    </Filter>
    <Filter Include="Engine\03.Manager\InputManager">
      <UniqueIdentifier>{b6142647-690e-4d96-8efc-687f10d6868f}</UniqueIdentifier>
    </Filter>
    <Filter Include="Engine\02.Core">
      <UniqueIdentifier>{eb1772e2-6897-43e3-a383-44e0be7c128d}</UniqueIdentifier>
    </Filter>
    <Filter Include="Shader">
      <UniqueIdentifier>{32a9c3e2-6153-415b-b6e3-c80b92e7dd71}</UniqueIdentifier>
    </Filter>
    <Filter Include="Engine\01.Header">
      <UniqueIdentifier>{e4d7c2c4-214c-4ba4-aca4-11fadc175319}</UniqueIdentifier>
    </Filter>
    <Filter Include="Engine\01.Header\struct">
      <UniqueIdentifier>{b6822588-d881-4f12-ae00-241d9bae4c52}</UniqueIdentifier>
    </Filter>
    <Filter Include="Engine\01.Header\functions">
      <UniqueIdentifier>{d83a41ce-674d-41ac-94af-b62b91ce42e9}</UniqueIdentifier>
    </Filter>
    <Filter Include="Engine\03.Manager\TimeManager">
      <UniqueIdentifier>{8d10605f-a4dd-4318-a6e8-fd677c795929}</UniqueIdentifier>
    </Filter>
    <Filter Include="Engine\04.Object">
      <UniqueIdentifier>{74d7cc56-bc04-40fb-b9b4-4585e43f4a4f}</UniqueIdentifier>
    </Filter>
    <Filter Include="Engine\04.Object\Actor">
      <UniqueIdentifier>{6d3e9b55-81c3-4526-9fd3-84ad11209e9f}</UniqueIdentifier>
    </Filter>
    <Filter Include="Engine\04.Object\Component">
      <UniqueIdentifier>{4ea3d7f9-a243-41f5-ad6e-c5c644825012}</UniqueIdentifier>
    </Filter>
    <Filter Include="Engine\04.Object\Component\ActorComponent">
      <UniqueIdentifier>{896f9388-6542-4433-a533-be814f9cfb98}</UniqueIdentifier>
    </Filter>
    <Filter Include="Engine\04.Object\RenderAsset">
      <UniqueIdentifier>{b9a3c86c-3453-475b-8f59-cb42a30c90df}</UniqueIdentifier>
    </Filter>
    <Filter Include="Engine\07.Factory">
      <UniqueIdentifier>{638a0eac-a36c-49eb-90f4-1fd5440f41a2}</UniqueIdentifier>
    </Filter>
    <Filter Include="Engine\06.Scene">
      <UniqueIdentifier>{e9e51c58-08ba-4be1-9c43-995140729882}</UniqueIdentifier>
    </Filter>
    <Filter Include="Engine\10.DefaultProperty">
      <UniqueIdentifier>{5c08496e-1a5c-44e0-ba2f-3116868ab32d}</UniqueIdentifier>
    </Filter>
    <Filter Include="Engine\10.DefaultProperty\Primitives">
      <UniqueIdentifier>{330b232f-50b7-4354-9e82-2fdc554ad469}</UniqueIdentifier>
    </Filter>
    <Filter Include="Contents">
      <UniqueIdentifier>{500d9a56-730c-475e-935a-9352970d4925}</UniqueIdentifier>
    </Filter>
    <Filter Include="Engine\03.Manager\SceneManager">
      <UniqueIdentifier>{493b2e90-546a-4ab2-8c80-00cfad56037e}</UniqueIdentifier>
    </Filter>
    <Filter Include="Contents\Default">
      <UniqueIdentifier>{049d540a-10c7-40ee-beef-17cb7219fd2b}</UniqueIdentifier>
    </Filter>
    <Filter Include="Contents\Default\Scene">
      <UniqueIdentifier>{b82a2990-6db2-4e5b-bf0e-ae054398cc59}</UniqueIdentifier>
    </Filter>
    <Filter Include="Contents\Default\Actors">
      <UniqueIdentifier>{1bedf24d-1b19-4694-a533-561fa3a5c60f}</UniqueIdentifier>
    </Filter>
    <Filter Include="Engine\04.Object\RenderAsset\Mesh">
      <UniqueIdentifier>{509d7a45-3825-4750-8773-350b5e8cf149}</UniqueIdentifier>
    </Filter>
    <Filter Include="Defauit\Samples">
      <UniqueIdentifier>{848dfd4c-9c28-4e47-bfb4-526d8f2fa414}</UniqueIdentifier>
    </Filter>
    <Filter Include="Defauit\Samples\D3DSamples">
      <UniqueIdentifier>{aa7fc503-a89b-48ad-b9e3-ee76cb3d486b}</UniqueIdentifier>
    </Filter>
    <Filter Include="Defauit\Samples\AssimpSamples">
      <UniqueIdentifier>{68c332f1-d9aa-41fe-8bde-688e35815fdc}</UniqueIdentifier>
    </Filter>
    <Filter Include="Engine\01.Header\RenderComps">
      <UniqueIdentifier>{c95ec346-a5c3-45c1-9829-d2f8641aa677}</UniqueIdentifier>
    </Filter>
    <Filter Include="Engine\01.Header\RenderComps\RenderComps_Objects">
      <UniqueIdentifier>{c47f9ca0-662a-4ccf-883d-cbe0dc42d294}</UniqueIdentifier>
    </Filter>
    <Filter Include="Engine\01.Header\RenderComps\RenderComps_Scene">
      <UniqueIdentifier>{6e841ba9-0d78-442a-9d2a-76a52c3e63e2}</UniqueIdentifier>
    </Filter>
    <Filter Include="Engine\01.Header\RenderComps\RenderComps_Objects\BasicComps">
      <UniqueIdentifier>{dd1d20e6-a946-487c-9ac9-fbd1935283df}</UniqueIdentifier>
    </Filter>
    <Filter Include="Engine\03.Manager\RenderManager">
      <UniqueIdentifier>{818ab136-e6be-4a5b-933b-7893528dfcda}</UniqueIdentifier>
    </Filter>
  </ItemGroup>
  <ItemGroup>
    <ClInclude Include="Header Files\targetver.h">
      <Filter>Defauit</Filter>
    </ClInclude>
    <ClInclude Include="Header Files\Resource.h">
      <Filter>Defauit</Filter>
    </ClInclude>
    <ClInclude Include="Header Files\framework.h">
      <Filter>Defauit</Filter>
    </ClInclude>
    <ClInclude Include="Header Files\project2.h">
      <Filter>Engine\01.Header</Filter>
    </ClInclude>
    <ClInclude Include="Header Files\pch.h" />
    <ClInclude Include="Header Files\CKeyManager.h">
      <Filter>Engine\03.Manager\InputManager</Filter>
    </ClInclude>
    <ClInclude Include="Header Files\define.h">
      <Filter>Engine\01.Header</Filter>
    </ClInclude>
    <ClInclude Include="Header Files\CCore.h">
      <Filter>Engine\02.Core</Filter>
    </ClInclude>
    <ClInclude Include="Header Files\D3DHelperFunc.h">
      <Filter>Engine\01.Header\functions</Filter>
    </ClInclude>
    <ClInclude Include="Header Files\function.h">
      <Filter>Engine\01.Header</Filter>
    </ClInclude>
    <ClInclude Include="Header Files\struct.h">
      <Filter>Engine\01.Header\struct</Filter>
    </ClInclude>
    <ClInclude Include="Header Files\CTimeManager.h">
      <Filter>Engine\03.Manager\TimeManager</Filter>
    </ClInclude>
    <ClInclude Include="Header Files\SimplePrimitives.h">
      <Filter>Engine\10.DefaultProperty\Primitives</Filter>
    </ClInclude>
    <ClInclude Include="Header Files\CObject.h">
      <Filter>Engine\04.Object</Filter>
    </ClInclude>
    <ClInclude Include="Header Files\CActor.h">
      <Filter>Engine\04.Object\Actor</Filter>
    </ClInclude>
    <ClInclude Include="Header Files\CActorComponent.h">
      <Filter>Engine\04.Object\Component\ActorComponent</Filter>
    </ClInclude>
    <ClInclude Include="Header Files\CRenderAsset.h">
      <Filter>Engine\04.Object\RenderAsset</Filter>
    </ClInclude>
    <ClInclude Include="Header Files\CScene.h">
      <Filter>Engine\06.Scene</Filter>
    </ClInclude>
    <ClInclude Include="Header Files\CSceneManager.h">
      <Filter>Engine\03.Manager\SceneManager</Filter>
    </ClInclude>
    <ClInclude Include="Header Files\CDefault_Scene.h">
      <Filter>Contents\Default\Scene</Filter>
    </ClInclude>
    <ClInclude Include="Header Files\TestActor.h">
      <Filter>Contents\Default\Actors</Filter>
    </ClInclude>
    <ClInclude Include="Header Files\CMouseManager.h">
      <Filter>Engine\03.Manager\InputManager</Filter>
    </ClInclude>
    <ClInclude Include="Header Files\CMesh.h">
      <Filter>Engine\04.Object\RenderAsset\Mesh</Filter>
    </ClInclude>
    <ClInclude Include="Header Files\MeshComp.h">
      <Filter>Engine\01.Header\RenderComps\RenderComps_Objects</Filter>
    </ClInclude>
    <ClInclude Include="Header Files\TextureComp.h">
      <Filter>Engine\01.Header\RenderComps\RenderComps_Objects\BasicComps</Filter>
    </ClInclude>
    <ClInclude Include="Header Files\HelperFunc.h">
      <Filter>Engine\01.Header\functions</Filter>
    </ClInclude>
    <ClInclude Include="Header Files\CRenderManager.h">
      <Filter>Engine\03.Manager\RenderManager</Filter>
    </ClInclude>
    <ClInclude Include="Header Files\BasicRenderComp.h">
      <Filter>Engine\01.Header\RenderComps\RenderComps_Objects\BasicComps</Filter>
    </ClInclude>
  </ItemGroup>
  <ItemGroup>
    <ResourceCompile Include="Project2.rc">
      <Filter>Defauit\리소스 파일</Filter>
    </ResourceCompile>
  </ItemGroup>
  <ItemGroup>
    <Image Include="small.ico">
      <Filter>Defauit\리소스 파일</Filter>
    </Image>
    <Image Include="Project2.ico">
      <Filter>Defauit\리소스 파일</Filter>
    </Image>
  </ItemGroup>
  <ItemGroup>
    <ClCompile Include="Source Files\main.cpp" />
    <ClCompile Include="Source Files\CKeyManager.cpp">
      <Filter>Engine\03.Manager\InputManager</Filter>
    </ClCompile>
    <ClCompile Include="Source Files\CCore.cpp">
      <Filter>Engine\02.Core</Filter>
    </ClCompile>
    <ClCompile Include="Source Files\struct.cpp">
      <Filter>Engine\01.Header\struct</Filter>
    </ClCompile>
    <ClCompile Include="Source Files\D3DHelperFunc.cpp">
      <Filter>Engine\01.Header\functions</Filter>
    </ClCompile>
    <ClCompile Include="Source Files\CTimeManager.cpp">
      <Filter>Engine\03.Manager\TimeManager</Filter>
    </ClCompile>
    <ClCompile Include="Source Files\SimplePrimitives.cpp">
      <Filter>Engine\10.DefaultProperty\Primitives</Filter>
    </ClCompile>
    <ClCompile Include="Source Files\CObject.cpp">
      <Filter>Engine\04.Object</Filter>
    </ClCompile>
    <ClCompile Include="Source Files\CActor.cpp">
      <Filter>Engine\04.Object\Actor</Filter>
    </ClCompile>
    <ClCompile Include="Source Files\CActorComponent.cpp">
      <Filter>Engine\04.Object\Component\ActorComponent</Filter>
    </ClCompile>
    <ClCompile Include="Source Files\CRenderAsset.cpp">
      <Filter>Engine\04.Object\RenderAsset</Filter>
    </ClCompile>
    <ClCompile Include="Source Files\CScene.cpp">
      <Filter>Engine\06.Scene</Filter>
    </ClCompile>
    <ClCompile Include="Source Files\CSceneManager.cpp">
      <Filter>Engine\03.Manager\SceneManager</Filter>
    </ClCompile>
    <ClCompile Include="Source Files\CDefault_Scene.cpp">
      <Filter>Contents\Default\Scene</Filter>
    </ClCompile>
    <ClCompile Include="Source Files\TestActor.cpp">
      <Filter>Contents\Default\Actors</Filter>
    </ClCompile>
    <ClCompile Include="Source Files\CMouseManager.cpp">
      <Filter>Engine\03.Manager\InputManager</Filter>
    </ClCompile>
    <ClCompile Include="Source Files\CMesh.cpp">
      <Filter>Engine\04.Object\RenderAsset\Mesh</Filter>
    </ClCompile>
    <ClCompile Include="Source Files\MeshComp.cpp">
      <Filter>Engine\01.Header\RenderComps\RenderComps_Objects</Filter>
    </ClCompile>
    <ClCompile Include="Source Files\HelperFunc.cpp">
      <Filter>Engine\01.Header\functions</Filter>
    </ClCompile>
    <ClCompile Include="Source Files\CRenderManager.cpp">
      <Filter>Engine\03.Manager\RenderManager</Filter>
    </ClCompile>
  </ItemGroup>
  <ItemGroup>
    <None Include="DefaultShader.fx">
      <Filter>Shader</Filter>
    </None>
    <None Include="SampleCode\Samples.cpp">
      <Filter>Defauit\Samples\D3DSamples</Filter>
    </None>
    <None Include="SampleCode\Samples.h">
      <Filter>Defauit\Samples\D3DSamples</Filter>
    </None>
    <None Include="SampleCode\Tutorial02.fx">
      <Filter>Defauit\Samples\D3DSamples</Filter>
    </None>
    <None Include="SampleCode\Tutorial04.fx">
      <Filter>Defauit\Samples\D3DSamples</Filter>
    </None>
    <None Include="SampleCode\Tutorial05.fx">
      <Filter>Defauit\Samples\D3DSamples</Filter>
    </None>
    <None Include="SampleCode\Tutorial06.fx">
      <Filter>Defauit\Samples\D3DSamples</Filter>
    </None>
    <None Include="SampleCode\Tutorial07.fx">
      <Filter>Defauit\Samples\D3DSamples</Filter>
    </None>
    <None Include="SampleCode\Mesh.h">
      <Filter>Defauit\Samples\AssimpSamples</Filter>
    </None>
    <None Include="SampleCode\ModelLoader.cpp">
      <Filter>Defauit\Samples\AssimpSamples</Filter>
    </None>
    <None Include="SampleCode\ModelLoader.h">
      <Filter>Defauit\Samples\AssimpSamples</Filter>
    </None>
    <None Include="SampleCode\PixelShader.hlsl">
      <Filter>Defauit\Samples\AssimpSamples</Filter>
    </None>
    <None Include="SampleCode\SafeRelease.hpp">
      <Filter>Defauit\Samples\AssimpSamples</Filter>
    </None>
    <None Include="SampleCode\TextureLoader.cpp">
      <Filter>Defauit\Samples\AssimpSamples</Filter>
    </None>
    <None Include="SampleCode\TextureLoader.h">
      <Filter>Defauit\Samples\AssimpSamples</Filter>
    </None>
    <None Include="SampleCode\VertexShader.hlsl">
      <Filter>Defauit\Samples\AssimpSamples</Filter>
    </None>
    <None Include="VertexShader.hlsl">
      <Filter>Shader</Filter>
    </None>
    <None Include="PixelShader.hlsl">
      <Filter>Shader</Filter>
    </None>
  </ItemGroup>
</Project>